
Microsoft Visual Studio Solution File, Format Version 12.00
# Visual Studio 15
VisualStudioVersion = 15.0.28010.2003
MinimumVisualStudioVersion = 10.0.40219.1
Project("{FAE04EC0-301F-11D3-BF4B-00C04F79EFBC}") = "dss_sharp", "dss_sharp.csproj", "{398768E0-151E-4974-8A2A-2DD2724F6426}"
EndProject
Global
	GlobalSection(SolutionConfigurationPlatforms) = preSolution
		Debug|x64 = Debug|x64
		Release|x64 = Release|x64
	EndGlobalSection
	GlobalSection(ProjectConfigurationPlatforms) = postSolution
		{398768E0-151E-4974-8A2A-2DD2724F6426}.Debug|x64.ActiveCfg = Debug|x64
		{398768E0-151E-4974-8A2A-2DD2724F6426}.Debug|x64.Build.0 = Debug|x64
		{398768E0-151E-4974-8A2A-2DD2724F6426}.Release|x64.ActiveCfg = Release|x64
		{398768E0-151E-4974-8A2A-2DD2724F6426}.Release|x64.Build.0 = Release|x64
	EndGlobalSection
	GlobalSection(SolutionProperties) = preSolution
		HideSolutionNode = FALSE
	EndGlobalSection
	GlobalSection(ExtensibilityGlobals) = postSolution
		SolutionGuid = {3C09909A-FF15-4B39-8A4A-19FB39858823}
	EndGlobalSection
EndGlobal
