
Microsoft Visual Studio Solution File, Format Version 12.00
# Visual Studio Version 17
VisualStudioVersion = 17.5.33516.290
MinimumVisualStudioVersion = 10.0.40219.1
Project("{FAE04EC0-301F-11D3-BF4B-00C04F79EFBC}") = "WinFormsAppSample", "WinFormsAppSample.csproj", "{62CE6DC0-F0B4-47B7-AD95-F0E6D0E3484E}"
EndProject
Global
	GlobalSection(SolutionConfigurationPlatforms) = preSolution
		Debug|Any CPU = Debug|Any CPU
		Release|Any CPU = Release|Any CPU
	EndGlobalSection
	GlobalSection(ProjectConfigurationPlatforms) = postSolution
		{62CE6DC0-F0B4-47B7-AD95-F0E6D0E3484E}.Debug|Any CPU.ActiveCfg = Debug|Any CPU
		{62CE6DC0-F0B4-47B7-AD95-F0E6D0E3484E}.Debug|Any CPU.Build.0 = Debug|Any CPU
		{62CE6DC0-F0B4-47B7-AD95-F0E6D0E3484E}.Release|Any CPU.ActiveCfg = Release|Any CPU
		{62CE6DC0-F0B4-47B7-AD95-F0E6D0E3484E}.Release|Any CPU.Build.0 = Release|Any CPU
	EndGlobalSection
	GlobalSection(SolutionProperties) = preSolution
		HideSolutionNode = FALSE
	EndGlobalSection
	GlobalSection(ExtensibilityGlobals) = postSolution
		SolutionGuid = {E0D09881-3638-4542-909F-0557EE096EB4}
	EndGlobalSection
EndGlobal
